
Microsoft Visual Studio Solution File, Format Version 12.00
# Visual Studio Version 17
VisualStudioVersion = 17.8.34309.116
MinimumVisualStudioVersion = 10.0.40219.1
Project("{9A19103F-16F7-4668-BE54-9A1E7A4F7556}") = "PluginCraftLib", "PluginCraftLib.csproj", "{FA027150-B8BD-4C5B-B845-A8210967E144}"
EndProject
Global
	GlobalSection(SolutionConfigurationPlatforms) = preSolution
		Debug|Any CPU = Debug|Any CPU
		Release|Any CPU = Release|Any CPU
	EndGlobalSection
	GlobalSection(ProjectConfigurationPlatforms) = postSolution
		{FA027150-B8BD-4C5B-B845-A8210967E144}.Debug|Any CPU.ActiveCfg = Debug|Any CPU
		{FA027150-B8BD-4C5B-B845-A8210967E144}.Debug|Any CPU.Build.0 = Debug|Any CPU
		{FA027150-B8BD-4C5B-B845-A8210967E144}.Release|Any CPU.ActiveCfg = Release|Any CPU
		{FA027150-B8BD-4C5B-B845-A8210967E144}.Release|Any CPU.Build.0 = Release|Any CPU
	EndGlobalSection
	GlobalSection(SolutionProperties) = preSolution
		HideSolutionNode = FALSE
	EndGlobalSection
	GlobalSection(ExtensibilityGlobals) = postSolution
		SolutionGuid = {A7D29B90-3DED-404A-AE45-C1D6994CB6A2}
	EndGlobalSection
EndGlobal
